// !$*UTF8*$!
{
	archiveVersion = 1;
	classes = {
	};
	objectVersion = 46;
	objects = {

/* Begin PBXBuildFile section */
		340283801E423E4600C953F9 /* BMW.m in Sources */ = {isa = PBXBuildFile; fileRef = 3402837F1E423E4600C953F9 /* BMW.m */; };
		340283831E42406F00C953F9 /* CarViewController.m in Sources */ = {isa = PBXBuildFile; fileRef = 340283821E42406F00C953F9 /* CarViewController.m */; };
		340283861E42425700C953F9 /* Tesla.m in Sources */ = {isa = PBXBuildFile; fileRef = 340283851E42425700C953F9 /* Tesla.m */; };
		340283891E424A7600C953F9 /* Car.m in Sources */ = {isa = PBXBuildFile; fileRef = 340283881E424A7600C953F9 /* Car.m */; };
		3402838C1E424E7200C953F9 /* PineTree.m in Sources */ = {isa = PBXBuildFile; fileRef = 3402838B1E424E7200C953F9 /* PineTree.m */; };
		340BBDA31E4CD3FE0012779A /* RoundedView.m in Sources */ = {isa = PBXBuildFile; fileRef = 340BBDA21E4CD3FE0012779A /* RoundedView.m */; };
		340BBDA61E4CD9C00012779A /* SwitchView.m in Sources */ = {isa = PBXBuildFile; fileRef = 340BBDA51E4CD9C00012779A /* SwitchView.m */; };
		341886AE1E4E288E005C14C2 /* CustomerView.m in Sources */ = {isa = PBXBuildFile; fileRef = 341886AD1E4E288E005C14C2 /* CustomerView.m */; };
		341886B21E4E2A39005C14C2 /* GesturesViewController.m in Sources */ = {isa = PBXBuildFile; fileRef = 341886B11E4E2A39005C14C2 /* GesturesViewController.m */; };
		342B72D81E3FA30D004F07F2 /* main.m in Sources */ = {isa = PBXBuildFile; fileRef = 342B72D71E3FA30D004F07F2 /* main.m */; };
		342B72DB1E3FA30D004F07F2 /* AppDelegate.m in Sources */ = {isa = PBXBuildFile; fileRef = 342B72DA1E3FA30D004F07F2 /* AppDelegate.m */; };
		342B72DE1E3FA30D004F07F2 /* ViewController.m in Sources */ = {isa = PBXBuildFile; fileRef = 342B72DD1E3FA30D004F07F2 /* ViewController.m */; };
		342B72E11E3FA30D004F07F2 /* Main.storyboard in Resources */ = {isa = PBXBuildFile; fileRef = 342B72DF1E3FA30D004F07F2 /* Main.storyboard */; };
		342B72E31E3FA30D004F07F2 /* Assets.xcassets in Resources */ = {isa = PBXBuildFile; fileRef = 342B72E21E3FA30D004F07F2 /* Assets.xcassets */; };
		342B72E61E3FA30D004F07F2 /* LaunchScreen.storyboard in Resources */ = {isa = PBXBuildFile; fileRef = 342B72E41E3FA30D004F07F2 /* LaunchScreen.storyboard */; };
		342B72EE1E3FA4A4004F07F2 /* TODO in Resources */ = {isa = PBXBuildFile; fileRef = 342B72ED1E3FA4A4004F07F2 /* TODO */; };
		342B73161E40FB22004F07F2 /* MethodsViewController.m in Sources */ = {isa = PBXBuildFile; fileRef = 342B73151E40FB22004F07F2 /* MethodsViewController.m */; };
		3432D6FA1E560A1B00E0472B /* 750-home@3x.png in Resources */ = {isa = PBXBuildFile; fileRef = 3432D6F91E560A1B00E0472B /* 750-home@3x.png */; };
		343D02FC1E4B777800DCA61A /* LocationsViewController.m in Sources */ = {isa = PBXBuildFile; fileRef = 343D02FB1E4B777800DCA61A /* LocationsViewController.m */; };
		343D02FF1E4B7F7600DCA61A /* LocationsTableViewController.m in Sources */ = {isa = PBXBuildFile; fileRef = 343D02FE1E4B7F7600DCA61A /* LocationsTableViewController.m */; };
		343D03021E4B863100DCA61A /* PhotosCollectionViewController.m in Sources */ = {isa = PBXBuildFile; fileRef = 343D03011E4B863100DCA61A /* PhotosCollectionViewController.m */; };
		343D03051E4B881A00DCA61A /* CollectionViewCellWithLabel.m in Sources */ = {isa = PBXBuildFile; fileRef = 343D03041E4B881A00DCA61A /* CollectionViewCellWithLabel.m */; };
		3453627E1E5B473E00B04190 /* PinkViewController.m in Sources */ = {isa = PBXBuildFile; fileRef = 3453627D1E5B473E00B04190 /* PinkViewController.m */; };
		345362811E5B477E00B04190 /* DarkGreenViewController.m in Sources */ = {isa = PBXBuildFile; fileRef = 345362801E5B477E00B04190 /* DarkGreenViewController.m */; };
		345362841E5B548D00B04190 /* DynamicsViewController.m in Sources */ = {isa = PBXBuildFile; fileRef = 345362831E5B548D00B04190 /* DynamicsViewController.m */; };
		34639AAB1E4CB84900F58BCE /* CustomViewsViewController.m in Sources */ = {isa = PBXBuildFile; fileRef = 34639AAA1E4CB84900F58BCE /* CustomViewsViewController.m */; };
		346E4C8F1E54ADD900757E9C /* UserDefaultsViewController.m in Sources */ = {isa = PBXBuildFile; fileRef = 346E4C8E1E54ADD900757E9C /* UserDefaultsViewController.m */; };
		346E4C921E54B26D00757E9C /* User.m in Sources */ = {isa = PBXBuildFile; fileRef = 346E4C911E54B26D00757E9C /* User.m */; };
		3477CD081E48C69300D60D37 /* LifeCycleViewController.m in Sources */ = {isa = PBXBuildFile; fileRef = 3477CD071E48C69300D60D37 /* LifeCycleViewController.m */; };
		349E631B1E5A8D0A003A2105 /* ContainerViewController.m in Sources */ = {isa = PBXBuildFile; fileRef = 349E631A1E5A8D0A003A2105 /* ContainerViewController.m */; };
		349E631E1E5A9017003A2105 /* RedViewController.m in Sources */ = {isa = PBXBuildFile; fileRef = 349E631D1E5A9017003A2105 /* RedViewController.m */; };
		349E63211E5A9025003A2105 /* PurpleViewController.m in Sources */ = {isa = PBXBuildFile; fileRef = 349E63201E5A9025003A2105 /* PurpleViewController.m */; };
		349F2ACB1E554B6A001B4F70 /* OrangeViewController.m in Sources */ = {isa = PBXBuildFile; fileRef = 349F2ACA1E554B6A001B4F70 /* OrangeViewController.m */; };
		349F2ACE1E554BD1001B4F70 /* GreenViewController.m in Sources */ = {isa = PBXBuildFile; fileRef = 349F2ACD1E554BD1001B4F70 /* GreenViewController.m */; };
		34ABC8321E4A18D500063D76 /* DelegatesAndProtocolsViewController.m in Sources */ = {isa = PBXBuildFile; fileRef = 34ABC8311E4A18D500063D76 /* DelegatesAndProtocolsViewController.m */; };
		34ABC8351E4A241C00063D76 /* KingFisher.m in Sources */ = {isa = PBXBuildFile; fileRef = 34ABC8341E4A241C00063D76 /* KingFisher.m */; };
		34ABC83B1E4A258800063D76 /* Airplane.m in Sources */ = {isa = PBXBuildFile; fileRef = 34ABC83A1E4A258800063D76 /* Airplane.m */; };
		34ABC83E1E4A2A8900063D76 /* House.m in Sources */ = {isa = PBXBuildFile; fileRef = 34ABC83D1E4A2A8900063D76 /* House.m */; };
		34ABC8411E4A2AE800063D76 /* Police.m in Sources */ = {isa = PBXBuildFile; fileRef = 34ABC8401E4A2AE800063D76 /* Police.m */; };
		34ABC8441E4A2D3F00063D76 /* Hospital.m in Sources */ = {isa = PBXBuildFile; fileRef = 34ABC8431E4A2D3F00063D76 /* Hospital.m */; };
		34E32C8C1E44F6EC005F9C35 /* Palindrome.m in Sources */ = {isa = PBXBuildFile; fileRef = 34E32C8B1E44F6EC005F9C35 /* Palindrome.m */; };
		34E32C8F1E44FC9A005F9C35 /* PersonDetails.m in Sources */ = {isa = PBXBuildFile; fileRef = 34E32C8E1E44FC9A005F9C35 /* PersonDetails.m */; };
		34F1B4331E5215A3002F4B4A /* FirstViewController.m in Sources */ = {isa = PBXBuildFile; fileRef = 34F1B4321E5215A3002F4B4A /* FirstViewController.m */; };
		34F1B4361E5215B2002F4B4A /* SecondViewController.m in Sources */ = {isa = PBXBuildFile; fileRef = 34F1B4351E5215B2002F4B4A /* SecondViewController.m */; };
		34F1B4391E521A1F002F4B4A /* TasksTableViewController.m in Sources */ = {isa = PBXBuildFile; fileRef = 34F1B4381E521A1F002F4B4A /* TasksTableViewController.m */; };
		34F1B43C1E521D48002F4B4A /* TaskDetailsViewController.m in Sources */ = {isa = PBXBuildFile; fileRef = 34F1B43B1E521D48002F4B4A /* TaskDetailsViewController.m */; };
		34F1B43F1E5221D6002F4B4A /* AddNewTaskViewController.m in Sources */ = {isa = PBXBuildFile; fileRef = 34F1B43E1E5221D6002F4B4A /* AddNewTaskViewController.m */; };
		34F65A121E438770006DD3BD /* CollectionsViewController.m in Sources */ = {isa = PBXBuildFile; fileRef = 34F65A111E438770006DD3BD /* CollectionsViewController.m */; };
		34F65A151E438A29006DD3BD /* CalculatorViewController.m in Sources */ = {isa = PBXBuildFile; fileRef = 34F65A141E438A29006DD3BD /* CalculatorViewController.m */; };
		34F65A181E4392F8006DD3BD /* Tweet.m in Sources */ = {isa = PBXBuildFile; fileRef = 34F65A171E4392F8006DD3BD /* Tweet.m */; };
		34F65A1B1E4394FE006DD3BD /* Task.m in Sources */ = {isa = PBXBuildFile; fileRef = 34F65A1A1E4394FE006DD3BD /* Task.m */; };
/* End PBXBuildFile section */

/* Begin PBXFileReference section */
		3402837E1E423E4600C953F9 /* BMW.h */ = {isa = PBXFileReference; fileEncoding = 4; lastKnownFileType = sourcecode.c.h; path = BMW.h; sourceTree = "<group>"; };
		3402837F1E423E4600C953F9 /* BMW.m */ = {isa = PBXFileReference; fileEncoding = 4; lastKnownFileType = sourcecode.c.objc; path = BMW.m; sourceTree = "<group>"; };
		340283811E42406F00C953F9 /* CarViewController.h */ = {isa = PBXFileReference; fileEncoding = 4; lastKnownFileType = sourcecode.c.h; path = CarViewController.h; sourceTree = "<group>"; };
		340283821E42406F00C953F9 /* CarViewController.m */ = {isa = PBXFileReference; fileEncoding = 4; lastKnownFileType = sourcecode.c.objc; path = CarViewController.m; sourceTree = "<group>"; };
		340283841E42425700C953F9 /* Tesla.h */ = {isa = PBXFileReference; fileEncoding = 4; lastKnownFileType = sourcecode.c.h; path = Tesla.h; sourceTree = "<group>"; };
		340283851E42425700C953F9 /* Tesla.m */ = {isa = PBXFileReference; fileEncoding = 4; lastKnownFileType = sourcecode.c.objc; path = Tesla.m; sourceTree = "<group>"; };
		340283871E424A7600C953F9 /* Car.h */ = {isa = PBXFileReference; fileEncoding = 4; lastKnownFileType = sourcecode.c.h; path = Car.h; sourceTree = "<group>"; };
		340283881E424A7600C953F9 /* Car.m */ = {isa = PBXFileReference; fileEncoding = 4; lastKnownFileType = sourcecode.c.objc; path = Car.m; sourceTree = "<group>"; };
		3402838A1E424E7200C953F9 /* PineTree.h */ = {isa = PBXFileReference; fileEncoding = 4; lastKnownFileType = sourcecode.c.h; path = PineTree.h; sourceTree = "<group>"; };
		3402838B1E424E7200C953F9 /* PineTree.m */ = {isa = PBXFileReference; fileEncoding = 4; lastKnownFileType = sourcecode.c.objc; path = PineTree.m; sourceTree = "<group>"; };
		340BBDA11E4CD3FE0012779A /* RoundedView.h */ = {isa = PBXFileReference; fileEncoding = 4; lastKnownFileType = sourcecode.c.h; path = RoundedView.h; sourceTree = "<group>"; };
		340BBDA21E4CD3FE0012779A /* RoundedView.m */ = {isa = PBXFileReference; fileEncoding = 4; lastKnownFileType = sourcecode.c.objc; path = RoundedView.m; sourceTree = "<group>"; };
		340BBDA41E4CD9C00012779A /* SwitchView.h */ = {isa = PBXFileReference; fileEncoding = 4; lastKnownFileType = sourcecode.c.h; path = SwitchView.h; sourceTree = "<group>"; };
		340BBDA51E4CD9C00012779A /* SwitchView.m */ = {isa = PBXFileReference; fileEncoding = 4; lastKnownFileType = sourcecode.c.objc; path = SwitchView.m; sourceTree = "<group>"; };
		341886AC1E4E288E005C14C2 /* CustomerView.h */ = {isa = PBXFileReference; fileEncoding = 4; lastKnownFileType = sourcecode.c.h; path = CustomerView.h; sourceTree = "<group>"; };
		341886AD1E4E288E005C14C2 /* CustomerView.m */ = {isa = PBXFileReference; fileEncoding = 4; lastKnownFileType = sourcecode.c.objc; path = CustomerView.m; sourceTree = "<group>"; };
		341886B01E4E2A39005C14C2 /* GesturesViewController.h */ = {isa = PBXFileReference; fileEncoding = 4; lastKnownFileType = sourcecode.c.h; path = GesturesViewController.h; sourceTree = "<group>"; };
		341886B11E4E2A39005C14C2 /* GesturesViewController.m */ = {isa = PBXFileReference; fileEncoding = 4; lastKnownFileType = sourcecode.c.objc; path = GesturesViewController.m; sourceTree = "<group>"; };
		342B72D31E3FA30D004F07F2 /* HoustonJanuary2017iOS.app */ = {isa = PBXFileReference; explicitFileType = wrapper.application; includeInIndex = 0; path = HoustonJanuary2017iOS.app; sourceTree = BUILT_PRODUCTS_DIR; };
		342B72D71E3FA30D004F07F2 /* main.m */ = {isa = PBXFileReference; lastKnownFileType = sourcecode.c.objc; path = main.m; sourceTree = "<group>"; };
		342B72D91E3FA30D004F07F2 /* AppDelegate.h */ = {isa = PBXFileReference; lastKnownFileType = sourcecode.c.h; path = AppDelegate.h; sourceTree = "<group>"; };
		342B72DA1E3FA30D004F07F2 /* AppDelegate.m */ = {isa = PBXFileReference; lastKnownFileType = sourcecode.c.objc; path = AppDelegate.m; sourceTree = "<group>"; };
		342B72DC1E3FA30D004F07F2 /* ViewController.h */ = {isa = PBXFileReference; lastKnownFileType = sourcecode.c.h; path = ViewController.h; sourceTree = "<group>"; };
		342B72DD1E3FA30D004F07F2 /* ViewController.m */ = {isa = PBXFileReference; lastKnownFileType = sourcecode.c.objc; path = ViewController.m; sourceTree = "<group>"; };
		342B72E01E3FA30D004F07F2 /* Base */ = {isa = PBXFileReference; lastKnownFileType = file.storyboard; name = Base; path = Base.lproj/Main.storyboard; sourceTree = "<group>"; };
		342B72E21E3FA30D004F07F2 /* Assets.xcassets */ = {isa = PBXFileReference; lastKnownFileType = folder.assetcatalog; path = Assets.xcassets; sourceTree = "<group>"; };
		342B72E51E3FA30D004F07F2 /* Base */ = {isa = PBXFileReference; lastKnownFileType = file.storyboard; name = Base; path = Base.lproj/LaunchScreen.storyboard; sourceTree = "<group>"; };
		342B72E71E3FA30D004F07F2 /* Info.plist */ = {isa = PBXFileReference; lastKnownFileType = text.plist.xml; path = Info.plist; sourceTree = "<group>"; };
		342B72ED1E3FA4A4004F07F2 /* TODO */ = {isa = PBXFileReference; fileEncoding = 4; lastKnownFileType = text; path = TODO; sourceTree = "<group>"; };
		342B73141E40FB22004F07F2 /* MethodsViewController.h */ = {isa = PBXFileReference; fileEncoding = 4; lastKnownFileType = sourcecode.c.h; path = MethodsViewController.h; sourceTree = "<group>"; };
		342B73151E40FB22004F07F2 /* MethodsViewController.m */ = {isa = PBXFileReference; fileEncoding = 4; lastKnownFileType = sourcecode.c.objc; path = MethodsViewController.m; sourceTree = "<group>"; };
		3432D6F91E560A1B00E0472B /* 750-home@3x.png */ = {isa = PBXFileReference; lastKnownFileType = image.png; path = "750-home@3x.png"; sourceTree = "<group>"; };
		343D02FA1E4B777800DCA61A /* LocationsViewController.h */ = {isa = PBXFileReference; fileEncoding = 4; lastKnownFileType = sourcecode.c.h; path = LocationsViewController.h; sourceTree = "<group>"; };
		343D02FB1E4B777800DCA61A /* LocationsViewController.m */ = {isa = PBXFileReference; fileEncoding = 4; lastKnownFileType = sourcecode.c.objc; path = LocationsViewController.m; sourceTree = "<group>"; };
		343D02FD1E4B7F7600DCA61A /* LocationsTableViewController.h */ = {isa = PBXFileReference; fileEncoding = 4; lastKnownFileType = sourcecode.c.h; path = LocationsTableViewController.h; sourceTree = "<group>"; };
		343D02FE1E4B7F7600DCA61A /* LocationsTableViewController.m */ = {isa = PBXFileReference; fileEncoding = 4; lastKnownFileType = sourcecode.c.objc; path = LocationsTableViewController.m; sourceTree = "<group>"; };
		343D03001E4B863100DCA61A /* PhotosCollectionViewController.h */ = {isa = PBXFileReference; fileEncoding = 4; lastKnownFileType = sourcecode.c.h; path = PhotosCollectionViewController.h; sourceTree = "<group>"; };
		343D03011E4B863100DCA61A /* PhotosCollectionViewController.m */ = {isa = PBXFileReference; fileEncoding = 4; lastKnownFileType = sourcecode.c.objc; path = PhotosCollectionViewController.m; sourceTree = "<group>"; };
		343D03031E4B881A00DCA61A /* CollectionViewCellWithLabel.h */ = {isa = PBXFileReference; fileEncoding = 4; lastKnownFileType = sourcecode.c.h; path = CollectionViewCellWithLabel.h; sourceTree = "<group>"; };
		343D03041E4B881A00DCA61A /* CollectionViewCellWithLabel.m */ = {isa = PBXFileReference; fileEncoding = 4; lastKnownFileType = sourcecode.c.objc; path = CollectionViewCellWithLabel.m; sourceTree = "<group>"; };
		3453627C1E5B473E00B04190 /* PinkViewController.h */ = {isa = PBXFileReference; fileEncoding = 4; lastKnownFileType = sourcecode.c.h; path = PinkViewController.h; sourceTree = "<group>"; };
		3453627D1E5B473E00B04190 /* PinkViewController.m */ = {isa = PBXFileReference; fileEncoding = 4; lastKnownFileType = sourcecode.c.objc; path = PinkViewController.m; sourceTree = "<group>"; };
		3453627F1E5B477E00B04190 /* DarkGreenViewController.h */ = {isa = PBXFileReference; fileEncoding = 4; lastKnownFileType = sourcecode.c.h; path = DarkGreenViewController.h; sourceTree = "<group>"; };
		345362801E5B477E00B04190 /* DarkGreenViewController.m */ = {isa = PBXFileReference; fileEncoding = 4; lastKnownFileType = sourcecode.c.objc; path = DarkGreenViewController.m; sourceTree = "<group>"; };
		345362821E5B548D00B04190 /* DynamicsViewController.h */ = {isa = PBXFileReference; fileEncoding = 4; lastKnownFileType = sourcecode.c.h; path = DynamicsViewController.h; sourceTree = "<group>"; };
		345362831E5B548D00B04190 /* DynamicsViewController.m */ = {isa = PBXFileReference; fileEncoding = 4; lastKnownFileType = sourcecode.c.objc; path = DynamicsViewController.m; sourceTree = "<group>"; };
		34639AA91E4CB84900F58BCE /* CustomViewsViewController.h */ = {isa = PBXFileReference; fileEncoding = 4; lastKnownFileType = sourcecode.c.h; path = CustomViewsViewController.h; sourceTree = "<group>"; };
		34639AAA1E4CB84900F58BCE /* CustomViewsViewController.m */ = {isa = PBXFileReference; fileEncoding = 4; lastKnownFileType = sourcecode.c.objc; path = CustomViewsViewController.m; sourceTree = "<group>"; };
		346E4C8D1E54ADD900757E9C /* UserDefaultsViewController.h */ = {isa = PBXFileReference; fileEncoding = 4; lastKnownFileType = sourcecode.c.h; path = UserDefaultsViewController.h; sourceTree = "<group>"; };
		346E4C8E1E54ADD900757E9C /* UserDefaultsViewController.m */ = {isa = PBXFileReference; fileEncoding = 4; lastKnownFileType = sourcecode.c.objc; path = UserDefaultsViewController.m; sourceTree = "<group>"; };
		346E4C901E54B26D00757E9C /* User.h */ = {isa = PBXFileReference; fileEncoding = 4; lastKnownFileType = sourcecode.c.h; path = User.h; sourceTree = "<group>"; };
		346E4C911E54B26D00757E9C /* User.m */ = {isa = PBXFileReference; fileEncoding = 4; lastKnownFileType = sourcecode.c.objc; path = User.m; sourceTree = "<group>"; };
		3477CD061E48C69300D60D37 /* LifeCycleViewController.h */ = {isa = PBXFileReference; fileEncoding = 4; lastKnownFileType = sourcecode.c.h; path = LifeCycleViewController.h; sourceTree = "<group>"; };
		3477CD071E48C69300D60D37 /* LifeCycleViewController.m */ = {isa = PBXFileReference; fileEncoding = 4; lastKnownFileType = sourcecode.c.objc; path = LifeCycleViewController.m; sourceTree = "<group>"; };
		349E63191E5A8D0A003A2105 /* ContainerViewController.h */ = {isa = PBXFileReference; fileEncoding = 4; lastKnownFileType = sourcecode.c.h; path = ContainerViewController.h; sourceTree = "<group>"; };
		349E631A1E5A8D0A003A2105 /* ContainerViewController.m */ = {isa = PBXFileReference; fileEncoding = 4; lastKnownFileType = sourcecode.c.objc; path = ContainerViewController.m; sourceTree = "<group>"; };
		349E631C1E5A9017003A2105 /* RedViewController.h */ = {isa = PBXFileReference; fileEncoding = 4; lastKnownFileType = sourcecode.c.h; path = RedViewController.h; sourceTree = "<group>"; };
		349E631D1E5A9017003A2105 /* RedViewController.m */ = {isa = PBXFileReference; fileEncoding = 4; lastKnownFileType = sourcecode.c.objc; path = RedViewController.m; sourceTree = "<group>"; };
		349E631F1E5A9025003A2105 /* PurpleViewController.h */ = {isa = PBXFileReference; fileEncoding = 4; lastKnownFileType = sourcecode.c.h; path = PurpleViewController.h; sourceTree = "<group>"; };
		349E63201E5A9025003A2105 /* PurpleViewController.m */ = {isa = PBXFileReference; fileEncoding = 4; lastKnownFileType = sourcecode.c.objc; path = PurpleViewController.m; sourceTree = "<group>"; };
		349F2AC91E554B6A001B4F70 /* OrangeViewController.h */ = {isa = PBXFileReference; fileEncoding = 4; lastKnownFileType = sourcecode.c.h; path = OrangeViewController.h; sourceTree = "<group>"; };
		349F2ACA1E554B6A001B4F70 /* OrangeViewController.m */ = {isa = PBXFileReference; fileEncoding = 4; lastKnownFileType = sourcecode.c.objc; path = OrangeViewController.m; sourceTree = "<group>"; };
		349F2ACC1E554BD1001B4F70 /* GreenViewController.h */ = {isa = PBXFileReference; fileEncoding = 4; lastKnownFileType = sourcecode.c.h; path = GreenViewController.h; sourceTree = "<group>"; };
		349F2ACD1E554BD1001B4F70 /* GreenViewController.m */ = {isa = PBXFileReference; fileEncoding = 4; lastKnownFileType = sourcecode.c.objc; path = GreenViewController.m; sourceTree = "<group>"; };
		34ABC8301E4A18D500063D76 /* DelegatesAndProtocolsViewController.h */ = {isa = PBXFileReference; fileEncoding = 4; lastKnownFileType = sourcecode.c.h; path = DelegatesAndProtocolsViewController.h; sourceTree = "<group>"; };
		34ABC8311E4A18D500063D76 /* DelegatesAndProtocolsViewController.m */ = {isa = PBXFileReference; fileEncoding = 4; lastKnownFileType = sourcecode.c.objc; path = DelegatesAndProtocolsViewController.m; sourceTree = "<group>"; };
		34ABC8331E4A241C00063D76 /* KingFisher.h */ = {isa = PBXFileReference; fileEncoding = 4; lastKnownFileType = sourcecode.c.h; path = KingFisher.h; sourceTree = "<group>"; };
		34ABC8341E4A241C00063D76 /* KingFisher.m */ = {isa = PBXFileReference; fileEncoding = 4; lastKnownFileType = sourcecode.c.objc; path = KingFisher.m; sourceTree = "<group>"; };
		34ABC8361E4A243B00063D76 /* DeepDivable.h */ = {isa = PBXFileReference; fileEncoding = 4; lastKnownFileType = sourcecode.c.h; path = DeepDivable.h; sourceTree = "<group>"; };
		34ABC8391E4A258800063D76 /* Airplane.h */ = {isa = PBXFileReference; fileEncoding = 4; lastKnownFileType = sourcecode.c.h; path = Airplane.h; sourceTree = "<group>"; };
		34ABC83A1E4A258800063D76 /* Airplane.m */ = {isa = PBXFileReference; fileEncoding = 4; lastKnownFileType = sourcecode.c.objc; path = Airplane.m; sourceTree = "<group>"; };
		34ABC83C1E4A2A8900063D76 /* House.h */ = {isa = PBXFileReference; fileEncoding = 4; lastKnownFileType = sourcecode.c.h; path = House.h; sourceTree = "<group>"; };
		34ABC83D1E4A2A8900063D76 /* House.m */ = {isa = PBXFileReference; fileEncoding = 4; lastKnownFileType = sourcecode.c.objc; path = House.m; sourceTree = "<group>"; };
		34ABC83F1E4A2AE800063D76 /* Police.h */ = {isa = PBXFileReference; fileEncoding = 4; lastKnownFileType = sourcecode.c.h; path = Police.h; sourceTree = "<group>"; };
		34ABC8401E4A2AE800063D76 /* Police.m */ = {isa = PBXFileReference; fileEncoding = 4; lastKnownFileType = sourcecode.c.objc; path = Police.m; sourceTree = "<group>"; };
		34ABC8421E4A2D3F00063D76 /* Hospital.h */ = {isa = PBXFileReference; fileEncoding = 4; lastKnownFileType = sourcecode.c.h; path = Hospital.h; sourceTree = "<group>"; };
		34ABC8431E4A2D3F00063D76 /* Hospital.m */ = {isa = PBXFileReference; fileEncoding = 4; lastKnownFileType = sourcecode.c.objc; path = Hospital.m; sourceTree = "<group>"; };
		34E32C8A1E44F6EC005F9C35 /* Palindrome.h */ = {isa = PBXFileReference; fileEncoding = 4; lastKnownFileType = sourcecode.c.h; path = Palindrome.h; sourceTree = "<group>"; };
		34E32C8B1E44F6EC005F9C35 /* Palindrome.m */ = {isa = PBXFileReference; fileEncoding = 4; lastKnownFileType = sourcecode.c.objc; path = Palindrome.m; sourceTree = "<group>"; };
		34E32C8D1E44FC9A005F9C35 /* PersonDetails.h */ = {isa = PBXFileReference; fileEncoding = 4; lastKnownFileType = sourcecode.c.h; path = PersonDetails.h; sourceTree = "<group>"; };
		34E32C8E1E44FC9A005F9C35 /* PersonDetails.m */ = {isa = PBXFileReference; fileEncoding = 4; lastKnownFileType = sourcecode.c.objc; path = PersonDetails.m; sourceTree = "<group>"; };
		34F1B4311E5215A3002F4B4A /* FirstViewController.h */ = {isa = PBXFileReference; fileEncoding = 4; lastKnownFileType = sourcecode.c.h; path = FirstViewController.h; sourceTree = "<group>"; };
		34F1B4321E5215A3002F4B4A /* FirstViewController.m */ = {isa = PBXFileReference; fileEncoding = 4; lastKnownFileType = sourcecode.c.objc; path = FirstViewController.m; sourceTree = "<group>"; };
		34F1B4341E5215B2002F4B4A /* SecondViewController.h */ = {isa = PBXFileReference; fileEncoding = 4; lastKnownFileType = sourcecode.c.h; path = SecondViewController.h; sourceTree = "<group>"; };
		34F1B4351E5215B2002F4B4A /* SecondViewController.m */ = {isa = PBXFileReference; fileEncoding = 4; lastKnownFileType = sourcecode.c.objc; path = SecondViewController.m; sourceTree = "<group>"; };
		34F1B4371E521A1F002F4B4A /* TasksTableViewController.h */ = {isa = PBXFileReference; fileEncoding = 4; lastKnownFileType = sourcecode.c.h; path = TasksTableViewController.h; sourceTree = "<group>"; };
		34F1B4381E521A1F002F4B4A /* TasksTableViewController.m */ = {isa = PBXFileReference; fileEncoding = 4; lastKnownFileType = sourcecode.c.objc; path = TasksTableViewController.m; sourceTree = "<group>"; };
		34F1B43A1E521D48002F4B4A /* TaskDetailsViewController.h */ = {isa = PBXFileReference; fileEncoding = 4; lastKnownFileType = sourcecode.c.h; path = TaskDetailsViewController.h; sourceTree = "<group>"; };
		34F1B43B1E521D48002F4B4A /* TaskDetailsViewController.m */ = {isa = PBXFileReference; fileEncoding = 4; lastKnownFileType = sourcecode.c.objc; path = TaskDetailsViewController.m; sourceTree = "<group>"; };
		34F1B43D1E5221D6002F4B4A /* AddNewTaskViewController.h */ = {isa = PBXFileReference; fileEncoding = 4; lastKnownFileType = sourcecode.c.h; path = AddNewTaskViewController.h; sourceTree = "<group>"; };
		34F1B43E1E5221D6002F4B4A /* AddNewTaskViewController.m */ = {isa = PBXFileReference; fileEncoding = 4; lastKnownFileType = sourcecode.c.objc; path = AddNewTaskViewController.m; sourceTree = "<group>"; };
		34F65A101E438770006DD3BD /* CollectionsViewController.h */ = {isa = PBXFileReference; fileEncoding = 4; lastKnownFileType = sourcecode.c.h; path = CollectionsViewController.h; sourceTree = "<group>"; };
		34F65A111E438770006DD3BD /* CollectionsViewController.m */ = {isa = PBXFileReference; fileEncoding = 4; lastKnownFileType = sourcecode.c.objc; path = CollectionsViewController.m; sourceTree = "<group>"; };
		34F65A131E438A29006DD3BD /* CalculatorViewController.h */ = {isa = PBXFileReference; fileEncoding = 4; lastKnownFileType = sourcecode.c.h; path = CalculatorViewController.h; sourceTree = "<group>"; };
		34F65A141E438A29006DD3BD /* CalculatorViewController.m */ = {isa = PBXFileReference; fileEncoding = 4; lastKnownFileType = sourcecode.c.objc; path = CalculatorViewController.m; sourceTree = "<group>"; };
		34F65A161E4392F8006DD3BD /* Tweet.h */ = {isa = PBXFileReference; fileEncoding = 4; lastKnownFileType = sourcecode.c.h; path = Tweet.h; sourceTree = "<group>"; };
		34F65A171E4392F8006DD3BD /* Tweet.m */ = {isa = PBXFileReference; fileEncoding = 4; lastKnownFileType = sourcecode.c.objc; path = Tweet.m; sourceTree = "<group>"; };
		34F65A191E4394FE006DD3BD /* Task.h */ = {isa = PBXFileReference; fileEncoding = 4; lastKnownFileType = sourcecode.c.h; path = Task.h; sourceTree = "<group>"; };
		34F65A1A1E4394FE006DD3BD /* Task.m */ = {isa = PBXFileReference; fileEncoding = 4; lastKnownFileType = sourcecode.c.objc; path = Task.m; sourceTree = "<group>"; };
/* End PBXFileReference section */

/* Begin PBXFrameworksBuildPhase section */
		342B72D01E3FA30D004F07F2 /* Frameworks */ = {
			isa = PBXFrameworksBuildPhase;
			buildActionMask = 2147483647;
			files = (
			);
			runOnlyForDeploymentPostprocessing = 0;
		};
/* End PBXFrameworksBuildPhase section */

/* Begin PBXGroup section */
		3402837D1E423D6900C953F9 /* Classes */ = {
			isa = PBXGroup;
			children = (
				3402837E1E423E4600C953F9 /* BMW.h */,
				3402837F1E423E4600C953F9 /* BMW.m */,
				340283811E42406F00C953F9 /* CarViewController.h */,
				340283821E42406F00C953F9 /* CarViewController.m */,
				340283841E42425700C953F9 /* Tesla.h */,
				340283851E42425700C953F9 /* Tesla.m */,
				340283871E424A7600C953F9 /* Car.h */,
				340283881E424A7600C953F9 /* Car.m */,
				3402838A1E424E7200C953F9 /* PineTree.h */,
				3402838B1E424E7200C953F9 /* PineTree.m */,
			);
			name = Classes;
			sourceTree = "<group>";
		};
		341886AF1E4E2A26005C14C2 /* Gestures */ = {
			isa = PBXGroup;
			children = (
				341886B01E4E2A39005C14C2 /* GesturesViewController.h */,
				341886B11E4E2A39005C14C2 /* GesturesViewController.m */,
			);
			name = Gestures;
			sourceTree = "<group>";
		};
		342B72CA1E3FA30D004F07F2 = {
			isa = PBXGroup;
			children = (
				342B72D51E3FA30D004F07F2 /* HoustonJanuary2017iOS */,
				342B72D41E3FA30D004F07F2 /* Products */,
			);
			sourceTree = "<group>";
		};
		342B72D41E3FA30D004F07F2 /* Products */ = {
			isa = PBXGroup;
			children = (
				342B72D31E3FA30D004F07F2 /* HoustonJanuary2017iOS.app */,
			);
			name = Products;
			sourceTree = "<group>";
		};
		342B72D51E3FA30D004F07F2 /* HoustonJanuary2017iOS */ = {
			isa = PBXGroup;
			children = (
				349E63181E5A8BDC003A2105 /* Week 4 */,
				34F1B42F1E521585002F4B4A /* Week 3 */,
				3477CD051E48C61700D60D37 /* Week 2 */,
				342B73121E40FAF9004F07F2 /* Week 1 */,
				342B72D91E3FA30D004F07F2 /* AppDelegate.h */,
				3432D6F91E560A1B00E0472B /* 750-home@3x.png */,
				342B72DA1E3FA30D004F07F2 /* AppDelegate.m */,
				342B72DC1E3FA30D004F07F2 /* ViewController.h */,
				342B72DD1E3FA30D004F07F2 /* ViewController.m */,
				342B72DF1E3FA30D004F07F2 /* Main.storyboard */,
				342B72E21E3FA30D004F07F2 /* Assets.xcassets */,
				342B72E41E3FA30D004F07F2 /* LaunchScreen.storyboard */,
				342B72E71E3FA30D004F07F2 /* Info.plist */,
				342B72D61E3FA30D004F07F2 /* Supporting Files */,
				342B72ED1E3FA4A4004F07F2 /* TODO */,
			);
			path = HoustonJanuary2017iOS;
			sourceTree = "<group>";
		};
		342B72D61E3FA30D004F07F2 /* Supporting Files */ = {
			isa = PBXGroup;
			children = (
				342B72D71E3FA30D004F07F2 /* main.m */,
			);
			name = "Supporting Files";
			sourceTree = "<group>";
		};
		342B73121E40FAF9004F07F2 /* Week 1 */ = {
			isa = PBXGroup;
			children = (
				34F65A0F1E438701006DD3BD /* Collections */,
				3402837D1E423D6900C953F9 /* Classes */,
				342B73131E40FB01004F07F2 /* Methods */,
			);
			name = "Week 1";
			sourceTree = "<group>";
		};
		342B73131E40FB01004F07F2 /* Methods */ = {
			isa = PBXGroup;
			children = (
				342B73141E40FB22004F07F2 /* MethodsViewController.h */,
				342B73151E40FB22004F07F2 /* MethodsViewController.m */,
			);
			name = Methods;
			sourceTree = "<group>";
		};
		343D02F91E4B75D100DCA61A /* TableViews And CollectionViews */ = {
			isa = PBXGroup;
			children = (
				343D02FA1E4B777800DCA61A /* LocationsViewController.h */,
				343D02FB1E4B777800DCA61A /* LocationsViewController.m */,
				343D02FD1E4B7F7600DCA61A /* LocationsTableViewController.h */,
				343D02FE1E4B7F7600DCA61A /* LocationsTableViewController.m */,
				343D03001E4B863100DCA61A /* PhotosCollectionViewController.h */,
				343D03011E4B863100DCA61A /* PhotosCollectionViewController.m */,
				343D03031E4B881A00DCA61A /* CollectionViewCellWithLabel.h */,
				343D03041E4B881A00DCA61A /* CollectionViewCellWithLabel.m */,
			);
			name = "TableViews And CollectionViews";
			sourceTree = "<group>";
		};
		34639AA81E4CB83200F58BCE /* Custom Views */ = {
			isa = PBXGroup;
			children = (
				34639AA91E4CB84900F58BCE /* CustomViewsViewController.h */,
				34639AAA1E4CB84900F58BCE /* CustomViewsViewController.m */,
				340BBDA11E4CD3FE0012779A /* RoundedView.h */,
				340BBDA21E4CD3FE0012779A /* RoundedView.m */,
				340BBDA41E4CD9C00012779A /* SwitchView.h */,
				340BBDA51E4CD9C00012779A /* SwitchView.m */,
				341886AC1E4E288E005C14C2 /* CustomerView.h */,
				341886AD1E4E288E005C14C2 /* CustomerView.m */,
			);
			name = "Custom Views";
			sourceTree = "<group>";
		};
		346E4C8C1E54ABBA00757E9C /* User Defaults */ = {
			isa = PBXGroup;
			children = (
				346E4C8D1E54ADD900757E9C /* UserDefaultsViewController.h */,
				346E4C8E1E54ADD900757E9C /* UserDefaultsViewController.m */,
				346E4C901E54B26D00757E9C /* User.h */,
				346E4C911E54B26D00757E9C /* User.m */,
			);
			name = "User Defaults";
			sourceTree = "<group>";
		};
		3477CD051E48C61700D60D37 /* Week 2 */ = {
			isa = PBXGroup;
			children = (
				341886AF1E4E2A26005C14C2 /* Gestures */,
				34639AA81E4CB83200F58BCE /* Custom Views */,
				343D02F91E4B75D100DCA61A /* TableViews And CollectionViews */,
				34ABC8291E4A176E00063D76 /* Delegates and Protocols */,
				34ABC8281E4A175F00063D76 /* Life Cycle */,
			);
			name = "Week 2";
			sourceTree = "<group>";
		};
		349E63181E5A8BDC003A2105 /* Week 4 */ = {
			isa = PBXGroup;
			children = (
				349E63191E5A8D0A003A2105 /* ContainerViewController.h */,
				349E631A1E5A8D0A003A2105 /* ContainerViewController.m */,
				349E631C1E5A9017003A2105 /* RedViewController.h */,
				349E631D1E5A9017003A2105 /* RedViewController.m */,
				349E631F1E5A9025003A2105 /* PurpleViewController.h */,
				349E63201E5A9025003A2105 /* PurpleViewController.m */,
				3453627C1E5B473E00B04190 /* PinkViewController.h */,
				3453627D1E5B473E00B04190 /* PinkViewController.m */,
				3453627F1E5B477E00B04190 /* DarkGreenViewController.h */,
				345362801E5B477E00B04190 /* DarkGreenViewController.m */,
				345362821E5B548D00B04190 /* DynamicsViewController.h */,
				345362831E5B548D00B04190 /* DynamicsViewController.m */,
			);
			name = "Week 4";
			sourceTree = "<group>";
		};
		349F2AC81E554A51001B4F70 /* Exit Segues */ = {
			isa = PBXGroup;
			children = (
				349F2AC91E554B6A001B4F70 /* OrangeViewController.h */,
				349F2ACA1E554B6A001B4F70 /* OrangeViewController.m */,
				349F2ACC1E554BD1001B4F70 /* GreenViewController.h */,
				349F2ACD1E554BD1001B4F70 /* GreenViewController.m */,
			);
			name = "Exit Segues";
			sourceTree = "<group>";
		};
		34ABC8281E4A175F00063D76 /* Life Cycle */ = {
			isa = PBXGroup;
			children = (
				3477CD061E48C69300D60D37 /* LifeCycleViewController.h */,
				3477CD071E48C69300D60D37 /* LifeCycleViewController.m */,
			);
			name = "Life Cycle";
			sourceTree = "<group>";
		};
		34ABC8291E4A176E00063D76 /* Delegates and Protocols */ = {
			isa = PBXGroup;
			children = (
				34ABC8301E4A18D500063D76 /* DelegatesAndProtocolsViewController.h */,
				34ABC8311E4A18D500063D76 /* DelegatesAndProtocolsViewController.m */,
				34ABC8331E4A241C00063D76 /* KingFisher.h */,
				34ABC8341E4A241C00063D76 /* KingFisher.m */,
				34ABC8361E4A243B00063D76 /* DeepDivable.h */,
				34ABC8391E4A258800063D76 /* Airplane.h */,
				34ABC83A1E4A258800063D76 /* Airplane.m */,
				34ABC83C1E4A2A8900063D76 /* House.h */,
				34ABC83D1E4A2A8900063D76 /* House.m */,
				34ABC83F1E4A2AE800063D76 /* Police.h */,
				34ABC8401E4A2AE800063D76 /* Police.m */,
				34ABC8421E4A2D3F00063D76 /* Hospital.h */,
				34ABC8431E4A2D3F00063D76 /* Hospital.m */,
			);
			name = "Delegates and Protocols";
			sourceTree = "<group>";
		};
		34F1B42F1E521585002F4B4A /* Week 3 */ = {
			isa = PBXGroup;
			children = (
				349F2AC81E554A51001B4F70 /* Exit Segues */,
				346E4C8C1E54ABBA00757E9C /* User Defaults */,
				34F1B4301E52158C002F4B4A /* Navigation */,
			);
			name = "Week 3";
			sourceTree = "<group>";
		};
		34F1B4301E52158C002F4B4A /* Navigation */ = {
			isa = PBXGroup;
			children = (
				34F1B4311E5215A3002F4B4A /* FirstViewController.h */,
				34F1B4321E5215A3002F4B4A /* FirstViewController.m */,
				34F1B4341E5215B2002F4B4A /* SecondViewController.h */,
				34F1B4351E5215B2002F4B4A /* SecondViewController.m */,
				34F1B4371E521A1F002F4B4A /* TasksTableViewController.h */,
				34F1B4381E521A1F002F4B4A /* TasksTableViewController.m */,
				34F1B43A1E521D48002F4B4A /* TaskDetailsViewController.h */,
				34F1B43B1E521D48002F4B4A /* TaskDetailsViewController.m */,
				34F1B43D1E5221D6002F4B4A /* AddNewTaskViewController.h */,
				34F1B43E1E5221D6002F4B4A /* AddNewTaskViewController.m */,
			);
			name = Navigation;
			sourceTree = "<group>";
		};
		34F65A0F1E438701006DD3BD /* Collections */ = {
			isa = PBXGroup;
			children = (
				34F65A101E438770006DD3BD /* CollectionsViewController.h */,
				34F65A111E438770006DD3BD /* CollectionsViewController.m */,
				34F65A131E438A29006DD3BD /* CalculatorViewController.h */,
				34F65A141E438A29006DD3BD /* CalculatorViewController.m */,
				34F65A161E4392F8006DD3BD /* Tweet.h */,
				34F65A171E4392F8006DD3BD /* Tweet.m */,
				34F65A191E4394FE006DD3BD /* Task.h */,
				34F65A1A1E4394FE006DD3BD /* Task.m */,
				34E32C8A1E44F6EC005F9C35 /* Palindrome.h */,
				34E32C8B1E44F6EC005F9C35 /* Palindrome.m */,
				34E32C8D1E44FC9A005F9C35 /* PersonDetails.h */,
				34E32C8E1E44FC9A005F9C35 /* PersonDetails.m */,
			);
			name = Collections;
			sourceTree = "<group>";
		};
/* End PBXGroup section */

/* Begin PBXNativeTarget section */
		342B72D21E3FA30D004F07F2 /* HoustonJanuary2017iOS */ = {
			isa = PBXNativeTarget;
			buildConfigurationList = 342B72EA1E3FA30D004F07F2 /* Build configuration list for PBXNativeTarget "HoustonJanuary2017iOS" */;
			buildPhases = (
				342B72CF1E3FA30D004F07F2 /* Sources */,
				342B72D01E3FA30D004F07F2 /* Frameworks */,
				342B72D11E3FA30D004F07F2 /* Resources */,
			);
			buildRules = (
			);
			dependencies = (
			);
			name = HoustonJanuary2017iOS;
			productName = HoustonJanuary2017iOS;
			productReference = 342B72D31E3FA30D004F07F2 /* HoustonJanuary2017iOS.app */;
			productType = "com.apple.product-type.application";
		};
/* End PBXNativeTarget section */

/* Begin PBXProject section */
		342B72CB1E3FA30D004F07F2 /* Project object */ = {
			isa = PBXProject;
			attributes = {
				LastUpgradeCheck = 0820;
				ORGANIZATIONNAME = "Mohammad Azam";
				TargetAttributes = {
					342B72D21E3FA30D004F07F2 = {
						CreatedOnToolsVersion = 8.2;
						DevelopmentTeam = B2Q8EGNCQA;
						ProvisioningStyle = Automatic;
					};
				};
			};
			buildConfigurationList = 342B72CE1E3FA30D004F07F2 /* Build configuration list for PBXProject "HoustonJanuary2017iOS" */;
			compatibilityVersion = "Xcode 3.2";
			developmentRegion = English;
			hasScannedForEncodings = 0;
			knownRegions = (
				en,
				Base,
			);
			mainGroup = 342B72CA1E3FA30D004F07F2;
			productRefGroup = 342B72D41E3FA30D004F07F2 /* Products */;
			projectDirPath = "";
			projectRoot = "";
			targets = (
				342B72D21E3FA30D004F07F2 /* HoustonJanuary2017iOS */,
			);
		};
/* End PBXProject section */

/* Begin PBXResourcesBuildPhase section */
		342B72D11E3FA30D004F07F2 /* Resources */ = {
			isa = PBXResourcesBuildPhase;
			buildActionMask = 2147483647;
			files = (
				342B72E61E3FA30D004F07F2 /* LaunchScreen.storyboard in Resources */,
				342B72E31E3FA30D004F07F2 /* Assets.xcassets in Resources */,
				3432D6FA1E560A1B00E0472B /* 750-home@3x.png in Resources */,
				342B72EE1E3FA4A4004F07F2 /* TODO in Resources */,
				342B72E11E3FA30D004F07F2 /* Main.storyboard in Resources */,
			);
			runOnlyForDeploymentPostprocessing = 0;
		};
/* End PBXResourcesBuildPhase section */

/* Begin PBXSourcesBuildPhase section */
		342B72CF1E3FA30D004F07F2 /* Sources */ = {
			isa = PBXSourcesBuildPhase;
			buildActionMask = 2147483647;
			files = (
				343D03021E4B863100DCA61A /* PhotosCollectionViewController.m in Sources */,
				34F65A1B1E4394FE006DD3BD /* Task.m in Sources */,
				341886B21E4E2A39005C14C2 /* GesturesViewController.m in Sources */,
				34ABC8351E4A241C00063D76 /* KingFisher.m in Sources */,
				34ABC83B1E4A258800063D76 /* Airplane.m in Sources */,
				342B72DE1E3FA30D004F07F2 /* ViewController.m in Sources */,
				34ABC8321E4A18D500063D76 /* DelegatesAndProtocolsViewController.m in Sources */,
				340283831E42406F00C953F9 /* CarViewController.m in Sources */,
				34F1B4391E521A1F002F4B4A /* TasksTableViewController.m in Sources */,
				3477CD081E48C69300D60D37 /* LifeCycleViewController.m in Sources */,
				34F65A151E438A29006DD3BD /* CalculatorViewController.m in Sources */,
				34E32C8C1E44F6EC005F9C35 /* Palindrome.m in Sources */,
				343D02FC1E4B777800DCA61A /* LocationsViewController.m in Sources */,
				343D03051E4B881A00DCA61A /* CollectionViewCellWithLabel.m in Sources */,
				34F65A181E4392F8006DD3BD /* Tweet.m in Sources */,
				342B73161E40FB22004F07F2 /* MethodsViewController.m in Sources */,
				343D02FF1E4B7F7600DCA61A /* LocationsTableViewController.m in Sources */,
				34ABC8441E4A2D3F00063D76 /* Hospital.m in Sources */,
				340BBDA61E4CD9C00012779A /* SwitchView.m in Sources */,
				342B72DB1E3FA30D004F07F2 /* AppDelegate.m in Sources */,
				340283801E423E4600C953F9 /* BMW.m in Sources */,
				340283861E42425700C953F9 /* Tesla.m in Sources */,
				349E631E1E5A9017003A2105 /* RedViewController.m in Sources */,
				34F1B43F1E5221D6002F4B4A /* AddNewTaskViewController.m in Sources */,
				3453627E1E5B473E00B04190 /* PinkViewController.m in Sources */,
				34639AAB1E4CB84900F58BCE /* CustomViewsViewController.m in Sources */,
				346E4C8F1E54ADD900757E9C /* UserDefaultsViewController.m in Sources */,
				345362811E5B477E00B04190 /* DarkGreenViewController.m in Sources */,
				345362841E5B548D00B04190 /* DynamicsViewController.m in Sources */,
				34F65A121E438770006DD3BD /* CollectionsViewController.m in Sources */,
				34F1B4331E5215A3002F4B4A /* FirstViewController.m in Sources */,
				34ABC8411E4A2AE800063D76 /* Police.m in Sources */,
				34E32C8F1E44FC9A005F9C35 /* PersonDetails.m in Sources */,
				3402838C1E424E7200C953F9 /* PineTree.m in Sources */,
				34F1B43C1E521D48002F4B4A /* TaskDetailsViewController.m in Sources */,
				340BBDA31E4CD3FE0012779A /* RoundedView.m in Sources */,
				349F2ACE1E554BD1001B4F70 /* GreenViewController.m in Sources */,
				349F2ACB1E554B6A001B4F70 /* OrangeViewController.m in Sources */,
				341886AE1E4E288E005C14C2 /* CustomerView.m in Sources */,
				349E631B1E5A8D0A003A2105 /* ContainerViewController.m in Sources */,
				340283891E424A7600C953F9 /* Car.m in Sources */,
				346E4C921E54B26D00757E9C /* User.m in Sources */,
				349E63211E5A9025003A2105 /* PurpleViewController.m in Sources */,
				34F1B4361E5215B2002F4B4A /* SecondViewController.m in Sources */,
				34ABC83E1E4A2A8900063D76 /* House.m in Sources */,
				342B72D81E3FA30D004F07F2 /* main.m in Sources */,
			);
			runOnlyForDeploymentPostprocessing = 0;
		};
/* End PBXSourcesBuildPhase section */

/* Begin PBXVariantGroup section */
		342B72DF1E3FA30D004F07F2 /* Main.storyboard */ = {
			isa = PBXVariantGroup;
			children = (
				342B72E01E3FA30D004F07F2 /* Base */,
			);
			name = Main.storyboard;
			sourceTree = "<group>";
		};
		342B72E41E3FA30D004F07F2 /* LaunchScreen.storyboard */ = {
			isa = PBXVariantGroup;
			children = (
				342B72E51E3FA30D004F07F2 /* Base */,
			);
			name = LaunchScreen.storyboard;
			sourceTree = "<group>";
		};
/* End PBXVariantGroup section */

/* Begin XCBuildConfiguration section */
		342B72E81E3FA30D004F07F2 /* Debug */ = {
			isa = XCBuildConfiguration;
			buildSettings = {
				ALWAYS_SEARCH_USER_PATHS = NO;
				CLANG_ANALYZER_NONNULL = YES;
				CLANG_CXX_LANGUAGE_STANDARD = "gnu++0x";
				CLANG_CXX_LIBRARY = "libc++";
				CLANG_ENABLE_MODULES = YES;
				CLANG_ENABLE_OBJC_ARC = YES;
				CLANG_WARN_BOOL_CONVERSION = YES;
				CLANG_WARN_CONSTANT_CONVERSION = YES;
				CLANG_WARN_DIRECT_OBJC_ISA_USAGE = YES_ERROR;
				CLANG_WARN_DOCUMENTATION_COMMENTS = YES;
				CLANG_WARN_EMPTY_BODY = YES;
				CLANG_WARN_ENUM_CONVERSION = YES;
				CLANG_WARN_INFINITE_RECURSION = YES;
				CLANG_WARN_INT_CONVERSION = YES;
				CLANG_WARN_OBJC_ROOT_CLASS = YES_ERROR;
				CLANG_WARN_SUSPICIOUS_MOVE = YES;
				CLANG_WARN_UNREACHABLE_CODE = YES;
				CLANG_WARN__DUPLICATE_METHOD_MATCH = YES;
				"CODE_SIGN_IDENTITY[sdk=iphoneos*]" = "iPhone Developer";
				COPY_PHASE_STRIP = NO;
				DEBUG_INFORMATION_FORMAT = dwarf;
				ENABLE_STRICT_OBJC_MSGSEND = YES;
				ENABLE_TESTABILITY = YES;
				GCC_C_LANGUAGE_STANDARD = gnu99;
				GCC_DYNAMIC_NO_PIC = NO;
				GCC_NO_COMMON_BLOCKS = YES;
				GCC_OPTIMIZATION_LEVEL = 0;
				GCC_PREPROCESSOR_DEFINITIONS = (
					"DEBUG=1",
					"$(inherited)",
				);
				GCC_WARN_64_TO_32_BIT_CONVERSION = YES;
				GCC_WARN_ABOUT_RETURN_TYPE = YES_ERROR;
				GCC_WARN_UNDECLARED_SELECTOR = YES;
				GCC_WARN_UNINITIALIZED_AUTOS = YES_AGGRESSIVE;
				GCC_WARN_UNUSED_FUNCTION = YES;
				GCC_WARN_UNUSED_VARIABLE = YES;
				IPHONEOS_DEPLOYMENT_TARGET = 10.2;
				MTL_ENABLE_DEBUG_INFO = YES;
				ONLY_ACTIVE_ARCH = YES;
				SDKROOT = iphoneos;
				TARGETED_DEVICE_FAMILY = "1,2";
			};
			name = Debug;
		};
		342B72E91E3FA30D004F07F2 /* Release */ = {
			isa = XCBuildConfiguration;
			buildSettings = {
				ALWAYS_SEARCH_USER_PATHS = NO;
				CLANG_ANALYZER_NONNULL = YES;
				CLANG_CXX_LANGUAGE_STANDARD = "gnu++0x";
				CLANG_CXX_LIBRARY = "libc++";
				CLANG_ENABLE_MODULES = YES;
				CLANG_ENABLE_OBJC_ARC = YES;
				CLANG_WARN_BOOL_CONVERSION = YES;
				CLANG_WARN_CONSTANT_CONVERSION = YES;
				CLANG_WARN_DIRECT_OBJC_ISA_USAGE = YES_ERROR;
				CLANG_WARN_DOCUMENTATION_COMMENTS = YES;
				CLANG_WARN_EMPTY_BODY = YES;
				CLANG_WARN_ENUM_CONVERSION = YES;
				CLANG_WARN_INFINITE_RECURSION = YES;
				CLANG_WARN_INT_CONVERSION = YES;
				CLANG_WARN_OBJC_ROOT_CLASS = YES_ERROR;
				CLANG_WARN_SUSPICIOUS_MOVE = YES;
				CLANG_WARN_UNREACHABLE_CODE = YES;
				CLANG_WARN__DUPLICATE_METHOD_MATCH = YES;
				"CODE_SIGN_IDENTITY[sdk=iphoneos*]" = "iPhone Developer";
				COPY_PHASE_STRIP = NO;
				DEBUG_INFORMATION_FORMAT = "dwarf-with-dsym";
				ENABLE_NS_ASSERTIONS = NO;
				ENABLE_STRICT_OBJC_MSGSEND = YES;
				GCC_C_LANGUAGE_STANDARD = gnu99;
				GCC_NO_COMMON_BLOCKS = YES;
				GCC_WARN_64_TO_32_BIT_CONVERSION = YES;
				GCC_WARN_ABOUT_RETURN_TYPE = YES_ERROR;
				GCC_WARN_UNDECLARED_SELECTOR = YES;
				GCC_WARN_UNINITIALIZED_AUTOS = YES_AGGRESSIVE;
				GCC_WARN_UNUSED_FUNCTION = YES;
				GCC_WARN_UNUSED_VARIABLE = YES;
				IPHONEOS_DEPLOYMENT_TARGET = 10.2;
				MTL_ENABLE_DEBUG_INFO = NO;
				SDKROOT = iphoneos;
				TARGETED_DEVICE_FAMILY = "1,2";
				VALIDATE_PRODUCT = YES;
			};
			name = Release;
		};
		342B72EB1E3FA30D004F07F2 /* Debug */ = {
			isa = XCBuildConfiguration;
			buildSettings = {
				ASSETCATALOG_COMPILER_APPICON_NAME = AppIcon;
				DEVELOPMENT_TEAM = B2Q8EGNCQA;
				INFOPLIST_FILE = HoustonJanuary2017iOS/Info.plist;
				LD_RUNPATH_SEARCH_PATHS = "$(inherited) @executable_path/Frameworks";
				PRODUCT_BUNDLE_IDENTIFIER = com.azamsharp.HoustonJanuary2017iOS;
				PRODUCT_NAME = "$(TARGET_NAME)";
			};
			name = Debug;
		};
		342B72EC1E3FA30D004F07F2 /* Release */ = {
			isa = XCBuildConfiguration;
			buildSettings = {
				ASSETCATALOG_COMPILER_APPICON_NAME = AppIcon;
				DEVELOPMENT_TEAM = B2Q8EGNCQA;
				INFOPLIST_FILE = HoustonJanuary2017iOS/Info.plist;
				LD_RUNPATH_SEARCH_PATHS = "$(inherited) @executable_path/Frameworks";
				PRODUCT_BUNDLE_IDENTIFIER = com.azamsharp.HoustonJanuary2017iOS;
				PRODUCT_NAME = "$(TARGET_NAME)";
			};
			name = Release;
		};
/* End XCBuildConfiguration section */

/* Begin XCConfigurationList section */
		342B72CE1E3FA30D004F07F2 /* Build configuration list for PBXProject "HoustonJanuary2017iOS" */ = {
			isa = XCConfigurationList;
			buildConfigurations = (
				342B72E81E3FA30D004F07F2 /* Debug */,
				342B72E91E3FA30D004F07F2 /* Release */,
			);
			defaultConfigurationIsVisible = 0;
			defaultConfigurationName = Release;
		};
		342B72EA1E3FA30D004F07F2 /* Build configuration list for PBXNativeTarget "HoustonJanuary2017iOS" */ = {
			isa = XCConfigurationList;
			buildConfigurations = (
				342B72EB1E3FA30D004F07F2 /* Debug */,
				342B72EC1E3FA30D004F07F2 /* Release */,
			);
			defaultConfigurationIsVisible = 0;
			defaultConfigurationName = Release;
		};
/* End XCConfigurationList section */
	};
	rootObject = 342B72CB1E3FA30D004F07F2 /* Project object */;
}
